
Microsoft Visual Studio Solution File, Format Version 12.00
# Visual Studio Version 17
VisualStudioVersion = 17.11.35303.130
MinimumVisualStudioVersion = 10.0.40219.1
Project("{9A19103F-16F7-4668-BE54-9A1E7A4F7556}") = "LaptopShop", "LaptopShop\LaptopShop.csproj", "{02A905CC-5A99-43F6-9310-C1ED0923B6FB}"
EndProject
Project("{FAE04EC0-301F-11D3-BF4B-00C04F79EFBC}") = "Library", "Library\Library.csproj", "{E8373D83-B3A9-49A3-89EC-9C2FB9ACECCD}"
EndProject
Global
	GlobalSection(SolutionConfigurationPlatforms) = preSolution
		Debug|Any CPU = Debug|Any CPU
		Release|Any CPU = Release|Any CPU
	EndGlobalSection
	GlobalSection(ProjectConfigurationPlatforms) = postSolution
		{02A905CC-5A99-43F6-9310-C1ED0923B6FB}.Debug|Any CPU.ActiveCfg = Debug|Any CPU
		{02A905CC-5A99-43F6-9310-C1ED0923B6FB}.Debug|Any CPU.Build.0 = Debug|Any CPU
		{02A905CC-5A99-43F6-9310-C1ED0923B6FB}.Release|Any CPU.ActiveCfg = Release|Any CPU
		{02A905CC-5A99-43F6-9310-C1ED0923B6FB}.Release|Any CPU.Build.0 = Release|Any CPU
		{E8373D83-B3A9-49A3-89EC-9C2FB9ACECCD}.Debug|Any CPU.ActiveCfg = Debug|Any CPU
		{E8373D83-B3A9-49A3-89EC-9C2FB9ACECCD}.Debug|Any CPU.Build.0 = Debug|Any CPU
		{E8373D83-B3A9-49A3-89EC-9C2FB9ACECCD}.Release|Any CPU.ActiveCfg = Release|Any CPU
		{E8373D83-B3A9-49A3-89EC-9C2FB9ACECCD}.Release|Any CPU.Build.0 = Release|Any CPU
	EndGlobalSection
	GlobalSection(SolutionProperties) = preSolution
		HideSolutionNode = FALSE
	EndGlobalSection
	GlobalSection(ExtensibilityGlobals) = postSolution
		SolutionGuid = {8CE28615-1C96-423C-AA24-93A0DDDB38FA}
	EndGlobalSection
EndGlobal
